<Solution>
  <Configurations>
    <Platform Name="Any CPU" />
    <Platform Name="x64" />
    <Platform Name="x86" />
  </Configurations>
  <Project Path="BallMusic.Tips/BallMusic.Tips.csproj" />
  <Project Path="BallMusic.WPF/BallMusic.WPF.csproj" />
  <Project Path="BallMusic.Creator/BallMusic.Creator.csproj" />
  <Project Path="BallMusic.Domain/BallMusic.Domain.csproj" />
  <Project Path="BallMusic.Infrastructure/BallMusic.Infrastructure.csproj" />
  <Project Path="BallMusic.Player/BallMusic.Player.csproj" />
  <Project Path="BallMusic.Server/BallMusic.Server.csproj" />
</Solution>
